{
  "name": "moendaw",
  "version": "1.0.4",
  "lockfileVersion": 1,
  "requires": true,
  "dependencies": {
    "commander": {
      "version": "6.2.0",
      "resolved": "https://registry.npmjs.org/commander/-/commander-6.2.0.tgz",
      "integrity": "sha512-zP4jEKbe8SHzKJYQmq8Y9gYjtO/POJLgIdKgV7B9qNmABVFVc+ctqSX6iXh4mCpJfRBOabiZ2YKPg8ciDw6C+Q=="
    },
    "moenda": {
      "version": "1.0.4",
      "resolved": "https://registry.npmjs.org/moenda/-/moenda-1.0.4.tgz",
      "integrity": "sha512-oTdIiRlrUadfZSWXCZqX3x/B0rCA6t+TPtWcSwDbKW9sMHQ63ayfbB0UXRJAtDQK2p+LvdDpZMcQgALjcXT3Hg==",
      "requires": {
        "commander": "^6.2.0"
      }
    }
  }
}
